
Microsoft Visual Studio Solution File, Format Version 12.00
# Visual Studio 2013
VisualStudioVersion = 12.0.21005.1
MinimumVisualStudioVersion = 10.0.40219.1
Project("{2150E333-8FDC-42A3-9474-1A3956D46DE8}") = "CapaNegocios", "CapaNegocios", "{D6BC46DF-2A0C-41DB-8928-B3E97E9B8087}"
EndProject
Project("{2150E333-8FDC-42A3-9474-1A3956D46DE8}") = "CapaPresentación", "CapaPresentación", "{9F8614DB-02BC-4B2E-8CCD-4BAEB7ABE9F4}"
EndProject
Project("{FAE04EC0-301F-11D3-BF4B-00C04F79EFBC}") = "Administrador.Entidades", "Administrador.Entidades\Administrador.Entidades.csproj", "{3D6D3198-0B7C-4300-B89D-A07A8DEF6A8E}"
EndProject
Project("{FAE04EC0-301F-11D3-BF4B-00C04F79EFBC}") = "Administrador.LogicaNegocios", "Administrador.LogicaNegocios\Administrador.LogicaNegocios.csproj", "{6A96F591-4AFF-4BB6-BCB4-8FE341EB6DDA}"
EndProject
Project("{2150E333-8FDC-42A3-9474-1A3956D46DE8}") = "CapaAccesoDatos", "CapaAccesoDatos", "{F3197AE7-3903-4B12-894D-1099C6CBA5F9}"
EndProject
Project("{FAE04EC0-301F-11D3-BF4B-00C04F79EFBC}") = "Administrador.AccesoDatos", "Administrador.AccesoDatos\Administrador.AccesoDatos.csproj", "{9F4CE5F9-8403-4AE9-8069-9B12C075ABF7}"
EndProject
Global
	GlobalSection(SolutionConfigurationPlatforms) = preSolution
		Debug|Any CPU = Debug|Any CPU
		Release|Any CPU = Release|Any CPU
	EndGlobalSection
	GlobalSection(ProjectConfigurationPlatforms) = postSolution
		{3D6D3198-0B7C-4300-B89D-A07A8DEF6A8E}.Debug|Any CPU.ActiveCfg = Debug|Any CPU
		{3D6D3198-0B7C-4300-B89D-A07A8DEF6A8E}.Debug|Any CPU.Build.0 = Debug|Any CPU
		{3D6D3198-0B7C-4300-B89D-A07A8DEF6A8E}.Release|Any CPU.ActiveCfg = Release|Any CPU
		{3D6D3198-0B7C-4300-B89D-A07A8DEF6A8E}.Release|Any CPU.Build.0 = Release|Any CPU
		{6A96F591-4AFF-4BB6-BCB4-8FE341EB6DDA}.Debug|Any CPU.ActiveCfg = Debug|Any CPU
		{6A96F591-4AFF-4BB6-BCB4-8FE341EB6DDA}.Debug|Any CPU.Build.0 = Debug|Any CPU
		{6A96F591-4AFF-4BB6-BCB4-8FE341EB6DDA}.Release|Any CPU.ActiveCfg = Release|Any CPU
		{6A96F591-4AFF-4BB6-BCB4-8FE341EB6DDA}.Release|Any CPU.Build.0 = Release|Any CPU
		{9F4CE5F9-8403-4AE9-8069-9B12C075ABF7}.Debug|Any CPU.ActiveCfg = Debug|Any CPU
		{9F4CE5F9-8403-4AE9-8069-9B12C075ABF7}.Debug|Any CPU.Build.0 = Debug|Any CPU
		{9F4CE5F9-8403-4AE9-8069-9B12C075ABF7}.Release|Any CPU.ActiveCfg = Release|Any CPU
		{9F4CE5F9-8403-4AE9-8069-9B12C075ABF7}.Release|Any CPU.Build.0 = Release|Any CPU
	EndGlobalSection
	GlobalSection(SolutionProperties) = preSolution
		HideSolutionNode = FALSE
	EndGlobalSection
	GlobalSection(NestedProjects) = preSolution
		{3D6D3198-0B7C-4300-B89D-A07A8DEF6A8E} = {D6BC46DF-2A0C-41DB-8928-B3E97E9B8087}
		{6A96F591-4AFF-4BB6-BCB4-8FE341EB6DDA} = {D6BC46DF-2A0C-41DB-8928-B3E97E9B8087}
		{9F4CE5F9-8403-4AE9-8069-9B12C075ABF7} = {F3197AE7-3903-4B12-894D-1099C6CBA5F9}
	EndGlobalSection
EndGlobal
